
Microsoft Visual Studio Solution File, Format Version 12.00
# Visual Studio Version 16
VisualStudioVersion = 16.0.31205.134
MinimumVisualStudioVersion = 10.0.40219.1
Project("{FAE04EC0-301F-11D3-BF4B-00C04F79EFBC}") = "Scaduino", "Scaduino\Scaduino.csproj", "{7956F956-AC32-4AD6-8E14-F25AD48AB5FF}"
EndProject
Project("{FAE04EC0-301F-11D3-BF4B-00C04F79EFBC}") = "DotNetCom", "DotNetCom\DotNetCom.csproj", "{3EF532D3-9AC0-4E9B-B469-783D01A2F947}"
EndProject
Project("{FAE04EC0-301F-11D3-BF4B-00C04F79EFBC}") = "DotNetScadaComponents", "DotNetScadaComponents\DotNetScadaComponents.csproj", "{0B852DD1-57F5-4756-AC2E-4B34669FD82F}"
EndProject
Project("{FAE04EC0-301F-11D3-BF4B-00C04F79EFBC}") = "ProDAq", "ProDAq\ProDAq.csproj", "{5C8C7C25-6606-48F1-ABA5-F83139B85DD1}"
EndProject
Project("{FAE04EC0-301F-11D3-BF4B-00C04F79EFBC}") = "MobileHmi", "MobileHmi\MobileHmi.csproj", "{50177E26-BACE-4245-BEAA-25B877EFF1E4}"
EndProject
Project("{FAE04EC0-301F-11D3-BF4B-00C04F79EFBC}") = "WebEditor", "WebEditor\WebEditor.csproj", "{C48B117F-06BD-4EB6-908E-79FC18068692}"
EndProject
Project("{FAE04EC0-301F-11D3-BF4B-00C04F79EFBC}") = "Common", "Common\Common.csproj", "{88C1EE2C-711E-4CEB-A58C-482AD4DC2E2C}"
EndProject
Project("{FAE04EC0-301F-11D3-BF4B-00C04F79EFBC}") = "ScaduinoDevices", "ScaduinoDevices\ScaduinoDevices.csproj", "{906D3FC5-A160-440D-9A2A-846F64FAC66B}"
EndProject
Global
	GlobalSection(SolutionConfigurationPlatforms) = preSolution
		Debug|Any CPU = Debug|Any CPU
		Debug|x64 = Debug|x64
		Debug|x86 = Debug|x86
		Release|Any CPU = Release|Any CPU
		Release|x64 = Release|x64
		Release|x86 = Release|x86
	EndGlobalSection
	GlobalSection(ProjectConfigurationPlatforms) = postSolution
		{7956F956-AC32-4AD6-8E14-F25AD48AB5FF}.Debug|Any CPU.ActiveCfg = Debug|Any CPU
		{7956F956-AC32-4AD6-8E14-F25AD48AB5FF}.Debug|Any CPU.Build.0 = Debug|Any CPU
		{7956F956-AC32-4AD6-8E14-F25AD48AB5FF}.Debug|x64.ActiveCfg = Debug|Any CPU
		{7956F956-AC32-4AD6-8E14-F25AD48AB5FF}.Debug|x64.Build.0 = Debug|Any CPU
		{7956F956-AC32-4AD6-8E14-F25AD48AB5FF}.Debug|x86.ActiveCfg = Debug|x86
		{7956F956-AC32-4AD6-8E14-F25AD48AB5FF}.Debug|x86.Build.0 = Debug|x86
		{7956F956-AC32-4AD6-8E14-F25AD48AB5FF}.Release|Any CPU.ActiveCfg = Release|Any CPU
		{7956F956-AC32-4AD6-8E14-F25AD48AB5FF}.Release|Any CPU.Build.0 = Release|Any CPU
		{7956F956-AC32-4AD6-8E14-F25AD48AB5FF}.Release|x64.ActiveCfg = Release|Any CPU
		{7956F956-AC32-4AD6-8E14-F25AD48AB5FF}.Release|x64.Build.0 = Release|Any CPU
		{7956F956-AC32-4AD6-8E14-F25AD48AB5FF}.Release|x86.ActiveCfg = Release|x86
		{7956F956-AC32-4AD6-8E14-F25AD48AB5FF}.Release|x86.Build.0 = Release|x86
		{3EF532D3-9AC0-4E9B-B469-783D01A2F947}.Debug|Any CPU.ActiveCfg = Debug|Any CPU
		{3EF532D3-9AC0-4E9B-B469-783D01A2F947}.Debug|Any CPU.Build.0 = Debug|Any CPU
		{3EF532D3-9AC0-4E9B-B469-783D01A2F947}.Debug|x64.ActiveCfg = Debug|x64
		{3EF532D3-9AC0-4E9B-B469-783D01A2F947}.Debug|x64.Build.0 = Debug|x64
		{3EF532D3-9AC0-4E9B-B469-783D01A2F947}.Debug|x86.ActiveCfg = Debug|x86
		{3EF532D3-9AC0-4E9B-B469-783D01A2F947}.Debug|x86.Build.0 = Debug|x86
		{3EF532D3-9AC0-4E9B-B469-783D01A2F947}.Release|Any CPU.ActiveCfg = Release|Any CPU
		{3EF532D3-9AC0-4E9B-B469-783D01A2F947}.Release|Any CPU.Build.0 = Release|Any CPU
		{3EF532D3-9AC0-4E9B-B469-783D01A2F947}.Release|x64.ActiveCfg = Release|x64
		{3EF532D3-9AC0-4E9B-B469-783D01A2F947}.Release|x64.Build.0 = Release|x64
		{3EF532D3-9AC0-4E9B-B469-783D01A2F947}.Release|x86.ActiveCfg = Release|x86
		{3EF532D3-9AC0-4E9B-B469-783D01A2F947}.Release|x86.Build.0 = Release|x86
		{0B852DD1-57F5-4756-AC2E-4B34669FD82F}.Debug|Any CPU.ActiveCfg = Debug|Any CPU
		{0B852DD1-57F5-4756-AC2E-4B34669FD82F}.Debug|Any CPU.Build.0 = Debug|Any CPU
		{0B852DD1-57F5-4756-AC2E-4B34669FD82F}.Debug|x64.ActiveCfg = Debug|Any CPU
		{0B852DD1-57F5-4756-AC2E-4B34669FD82F}.Debug|x64.Build.0 = Debug|Any CPU
		{0B852DD1-57F5-4756-AC2E-4B34669FD82F}.Debug|x86.ActiveCfg = Debug|x86
		{0B852DD1-57F5-4756-AC2E-4B34669FD82F}.Debug|x86.Build.0 = Debug|x86
		{0B852DD1-57F5-4756-AC2E-4B34669FD82F}.Release|Any CPU.ActiveCfg = Release|Any CPU
		{0B852DD1-57F5-4756-AC2E-4B34669FD82F}.Release|Any CPU.Build.0 = Release|Any CPU
		{0B852DD1-57F5-4756-AC2E-4B34669FD82F}.Release|x64.ActiveCfg = Release|Any CPU
		{0B852DD1-57F5-4756-AC2E-4B34669FD82F}.Release|x64.Build.0 = Release|Any CPU
		{0B852DD1-57F5-4756-AC2E-4B34669FD82F}.Release|x86.ActiveCfg = Release|x86
		{0B852DD1-57F5-4756-AC2E-4B34669FD82F}.Release|x86.Build.0 = Release|x86
		{5C8C7C25-6606-48F1-ABA5-F83139B85DD1}.Debug|Any CPU.ActiveCfg = Debug|Any CPU
		{5C8C7C25-6606-48F1-ABA5-F83139B85DD1}.Debug|Any CPU.Build.0 = Debug|Any CPU
		{5C8C7C25-6606-48F1-ABA5-F83139B85DD1}.Debug|x64.ActiveCfg = Debug|Any CPU
		{5C8C7C25-6606-48F1-ABA5-F83139B85DD1}.Debug|x64.Build.0 = Debug|Any CPU
		{5C8C7C25-6606-48F1-ABA5-F83139B85DD1}.Debug|x86.ActiveCfg = Debug|x86
		{5C8C7C25-6606-48F1-ABA5-F83139B85DD1}.Debug|x86.Build.0 = Debug|x86
		{5C8C7C25-6606-48F1-ABA5-F83139B85DD1}.Release|Any CPU.ActiveCfg = Release|Any CPU
		{5C8C7C25-6606-48F1-ABA5-F83139B85DD1}.Release|Any CPU.Build.0 = Release|Any CPU
		{5C8C7C25-6606-48F1-ABA5-F83139B85DD1}.Release|x64.ActiveCfg = Release|Any CPU
		{5C8C7C25-6606-48F1-ABA5-F83139B85DD1}.Release|x64.Build.0 = Release|Any CPU
		{5C8C7C25-6606-48F1-ABA5-F83139B85DD1}.Release|x86.ActiveCfg = Release|x86
		{5C8C7C25-6606-48F1-ABA5-F83139B85DD1}.Release|x86.Build.0 = Release|x86
		{50177E26-BACE-4245-BEAA-25B877EFF1E4}.Debug|Any CPU.ActiveCfg = Debug|Any CPU
		{50177E26-BACE-4245-BEAA-25B877EFF1E4}.Debug|Any CPU.Build.0 = Debug|Any CPU
		{50177E26-BACE-4245-BEAA-25B877EFF1E4}.Debug|x64.ActiveCfg = Debug|Any CPU
		{50177E26-BACE-4245-BEAA-25B877EFF1E4}.Debug|x64.Build.0 = Debug|Any CPU
		{50177E26-BACE-4245-BEAA-25B877EFF1E4}.Debug|x86.ActiveCfg = Debug|x86
		{50177E26-BACE-4245-BEAA-25B877EFF1E4}.Debug|x86.Build.0 = Debug|x86
		{50177E26-BACE-4245-BEAA-25B877EFF1E4}.Release|Any CPU.ActiveCfg = Release|Any CPU
		{50177E26-BACE-4245-BEAA-25B877EFF1E4}.Release|Any CPU.Build.0 = Release|Any CPU
		{50177E26-BACE-4245-BEAA-25B877EFF1E4}.Release|x64.ActiveCfg = Release|Any CPU
		{50177E26-BACE-4245-BEAA-25B877EFF1E4}.Release|x64.Build.0 = Release|Any CPU
		{50177E26-BACE-4245-BEAA-25B877EFF1E4}.Release|x86.ActiveCfg = Release|x86
		{50177E26-BACE-4245-BEAA-25B877EFF1E4}.Release|x86.Build.0 = Release|x86
		{C48B117F-06BD-4EB6-908E-79FC18068692}.Debug|Any CPU.ActiveCfg = Debug|Any CPU
		{C48B117F-06BD-4EB6-908E-79FC18068692}.Debug|Any CPU.Build.0 = Debug|Any CPU
		{C48B117F-06BD-4EB6-908E-79FC18068692}.Debug|x64.ActiveCfg = Debug|Any CPU
		{C48B117F-06BD-4EB6-908E-79FC18068692}.Debug|x64.Build.0 = Debug|Any CPU
		{C48B117F-06BD-4EB6-908E-79FC18068692}.Debug|x86.ActiveCfg = Debug|x86
		{C48B117F-06BD-4EB6-908E-79FC18068692}.Debug|x86.Build.0 = Debug|x86
		{C48B117F-06BD-4EB6-908E-79FC18068692}.Release|Any CPU.ActiveCfg = Release|Any CPU
		{C48B117F-06BD-4EB6-908E-79FC18068692}.Release|Any CPU.Build.0 = Release|Any CPU
		{C48B117F-06BD-4EB6-908E-79FC18068692}.Release|x64.ActiveCfg = Release|Any CPU
		{C48B117F-06BD-4EB6-908E-79FC18068692}.Release|x64.Build.0 = Release|Any CPU
		{C48B117F-06BD-4EB6-908E-79FC18068692}.Release|x86.ActiveCfg = Release|Any CPU
		{C48B117F-06BD-4EB6-908E-79FC18068692}.Release|x86.Build.0 = Release|Any CPU
		{88C1EE2C-711E-4CEB-A58C-482AD4DC2E2C}.Debug|Any CPU.ActiveCfg = Debug|Any CPU
		{88C1EE2C-711E-4CEB-A58C-482AD4DC2E2C}.Debug|Any CPU.Build.0 = Debug|Any CPU
		{88C1EE2C-711E-4CEB-A58C-482AD4DC2E2C}.Debug|x64.ActiveCfg = Debug|Any CPU
		{88C1EE2C-711E-4CEB-A58C-482AD4DC2E2C}.Debug|x64.Build.0 = Debug|Any CPU
		{88C1EE2C-711E-4CEB-A58C-482AD4DC2E2C}.Debug|x86.ActiveCfg = Debug|x86
		{88C1EE2C-711E-4CEB-A58C-482AD4DC2E2C}.Debug|x86.Build.0 = Debug|x86
		{88C1EE2C-711E-4CEB-A58C-482AD4DC2E2C}.Release|Any CPU.ActiveCfg = Release|Any CPU
		{88C1EE2C-711E-4CEB-A58C-482AD4DC2E2C}.Release|Any CPU.Build.0 = Release|Any CPU
		{88C1EE2C-711E-4CEB-A58C-482AD4DC2E2C}.Release|x64.ActiveCfg = Release|Any CPU
		{88C1EE2C-711E-4CEB-A58C-482AD4DC2E2C}.Release|x64.Build.0 = Release|Any CPU
		{88C1EE2C-711E-4CEB-A58C-482AD4DC2E2C}.Release|x86.ActiveCfg = Release|Any CPU
		{88C1EE2C-711E-4CEB-A58C-482AD4DC2E2C}.Release|x86.Build.0 = Release|Any CPU
		{906D3FC5-A160-440D-9A2A-846F64FAC66B}.Debug|Any CPU.ActiveCfg = Debug|Any CPU
		{906D3FC5-A160-440D-9A2A-846F64FAC66B}.Debug|Any CPU.Build.0 = Debug|Any CPU
		{906D3FC5-A160-440D-9A2A-846F64FAC66B}.Debug|x64.ActiveCfg = Debug|Any CPU
		{906D3FC5-A160-440D-9A2A-846F64FAC66B}.Debug|x64.Build.0 = Debug|Any CPU
		{906D3FC5-A160-440D-9A2A-846F64FAC66B}.Debug|x86.ActiveCfg = Debug|x86
		{906D3FC5-A160-440D-9A2A-846F64FAC66B}.Debug|x86.Build.0 = Debug|x86
		{906D3FC5-A160-440D-9A2A-846F64FAC66B}.Release|Any CPU.ActiveCfg = Release|Any CPU
		{906D3FC5-A160-440D-9A2A-846F64FAC66B}.Release|Any CPU.Build.0 = Release|Any CPU
		{906D3FC5-A160-440D-9A2A-846F64FAC66B}.Release|x64.ActiveCfg = Release|Any CPU
		{906D3FC5-A160-440D-9A2A-846F64FAC66B}.Release|x64.Build.0 = Release|Any CPU
		{906D3FC5-A160-440D-9A2A-846F64FAC66B}.Release|x86.ActiveCfg = Release|Any CPU
		{906D3FC5-A160-440D-9A2A-846F64FAC66B}.Release|x86.Build.0 = Release|Any CPU
	EndGlobalSection
	GlobalSection(SolutionProperties) = preSolution
		HideSolutionNode = FALSE
	EndGlobalSection
	GlobalSection(ExtensibilityGlobals) = postSolution
		SolutionGuid = {A9E01C79-3344-47FE-8F09-6B9708EC5C08}
	EndGlobalSection
EndGlobal
